
Microsoft Visual Studio Solution File, Format Version 12.00
# Visual Studio Version 17
VisualStudioVersion = 17.8.34212.112
MinimumVisualStudioVersion = 10.0.40219.1
Project("{FAE04EC0-301F-11D3-BF4B-00C04F79EFBC}") = "Youtube.UWP", "Youtube\Youtube.UWP\Youtube.UWP.csproj", "{E4A58593-FF3B-4C69-A0A2-6E7FAEAA1A14}"
EndProject
Project("{FAE04EC0-301F-11D3-BF4B-00C04F79EFBC}") = "Youtube.Android", "Youtube\Youtube.Android\Youtube.Android.csproj", "{DEE70B84-6ED3-4CC4-B0A7-2A5F4E918399}"
EndProject
Project("{FAE04EC0-301F-11D3-BF4B-00C04F79EFBC}") = "Youtube.iOS", "Youtube\Youtube.iOS\Youtube.iOS.csproj", "{43D0B624-E7BE-432D-9378-9B93BF8CB2A1}"
EndProject
Project("{FAE04EC0-301F-11D3-BF4B-00C04F79EFBC}") = "Youtube", "Youtube\Youtube\Youtube.csproj", "{42240C20-03F4-4E64-B592-CB88550FC5CF}"
EndProject
Global
	GlobalSection(SolutionConfigurationPlatforms) = preSolution
		Debug|Any CPU = Debug|Any CPU
		Debug|ARM = Debug|ARM
		Debug|iPhone = Debug|iPhone
		Debug|iPhoneSimulator = Debug|iPhoneSimulator
		Debug|x64 = Debug|x64
		Debug|x86 = Debug|x86
		Release|Any CPU = Release|Any CPU
		Release|ARM = Release|ARM
		Release|iPhone = Release|iPhone
		Release|iPhoneSimulator = Release|iPhoneSimulator
		Release|x64 = Release|x64
		Release|x86 = Release|x86
	EndGlobalSection
	GlobalSection(ProjectConfigurationPlatforms) = postSolution
		{E4A58593-FF3B-4C69-A0A2-6E7FAEAA1A14}.Debug|Any CPU.ActiveCfg = Debug|x64
		{E4A58593-FF3B-4C69-A0A2-6E7FAEAA1A14}.Debug|Any CPU.Build.0 = Debug|x64
		{E4A58593-FF3B-4C69-A0A2-6E7FAEAA1A14}.Debug|Any CPU.Deploy.0 = Debug|x64
		{E4A58593-FF3B-4C69-A0A2-6E7FAEAA1A14}.Debug|ARM.ActiveCfg = Debug|ARM
		{E4A58593-FF3B-4C69-A0A2-6E7FAEAA1A14}.Debug|ARM.Build.0 = Debug|ARM
		{E4A58593-FF3B-4C69-A0A2-6E7FAEAA1A14}.Debug|ARM.Deploy.0 = Debug|ARM
		{E4A58593-FF3B-4C69-A0A2-6E7FAEAA1A14}.Debug|iPhone.ActiveCfg = Debug|x64
		{E4A58593-FF3B-4C69-A0A2-6E7FAEAA1A14}.Debug|iPhone.Build.0 = Debug|x64
		{E4A58593-FF3B-4C69-A0A2-6E7FAEAA1A14}.Debug|iPhone.Deploy.0 = Debug|x64
		{E4A58593-FF3B-4C69-A0A2-6E7FAEAA1A14}.Debug|iPhoneSimulator.ActiveCfg = Debug|x64
		{E4A58593-FF3B-4C69-A0A2-6E7FAEAA1A14}.Debug|iPhoneSimulator.Build.0 = Debug|x64
		{E4A58593-FF3B-4C69-A0A2-6E7FAEAA1A14}.Debug|iPhoneSimulator.Deploy.0 = Debug|x64
		{E4A58593-FF3B-4C69-A0A2-6E7FAEAA1A14}.Debug|x64.ActiveCfg = Debug|x64
		{E4A58593-FF3B-4C69-A0A2-6E7FAEAA1A14}.Debug|x64.Build.0 = Debug|x64
		{E4A58593-FF3B-4C69-A0A2-6E7FAEAA1A14}.Debug|x64.Deploy.0 = Debug|x64
		{E4A58593-FF3B-4C69-A0A2-6E7FAEAA1A14}.Debug|x86.ActiveCfg = Debug|x86
		{E4A58593-FF3B-4C69-A0A2-6E7FAEAA1A14}.Debug|x86.Build.0 = Debug|x86
		{E4A58593-FF3B-4C69-A0A2-6E7FAEAA1A14}.Debug|x86.Deploy.0 = Debug|x86
		{E4A58593-FF3B-4C69-A0A2-6E7FAEAA1A14}.Release|Any CPU.ActiveCfg = Release|x64
		{E4A58593-FF3B-4C69-A0A2-6E7FAEAA1A14}.Release|Any CPU.Build.0 = Release|x64
		{E4A58593-FF3B-4C69-A0A2-6E7FAEAA1A14}.Release|Any CPU.Deploy.0 = Release|x64
		{E4A58593-FF3B-4C69-A0A2-6E7FAEAA1A14}.Release|ARM.ActiveCfg = Release|ARM
		{E4A58593-FF3B-4C69-A0A2-6E7FAEAA1A14}.Release|ARM.Build.0 = Release|ARM
		{E4A58593-FF3B-4C69-A0A2-6E7FAEAA1A14}.Release|ARM.Deploy.0 = Release|ARM
		{E4A58593-FF3B-4C69-A0A2-6E7FAEAA1A14}.Release|iPhone.ActiveCfg = Release|x64
		{E4A58593-FF3B-4C69-A0A2-6E7FAEAA1A14}.Release|iPhone.Build.0 = Release|x64
		{E4A58593-FF3B-4C69-A0A2-6E7FAEAA1A14}.Release|iPhone.Deploy.0 = Release|x64
		{E4A58593-FF3B-4C69-A0A2-6E7FAEAA1A14}.Release|iPhoneSimulator.ActiveCfg = Release|x64
		{E4A58593-FF3B-4C69-A0A2-6E7FAEAA1A14}.Release|iPhoneSimulator.Build.0 = Release|x64
		{E4A58593-FF3B-4C69-A0A2-6E7FAEAA1A14}.Release|iPhoneSimulator.Deploy.0 = Release|x64
		{E4A58593-FF3B-4C69-A0A2-6E7FAEAA1A14}.Release|x64.ActiveCfg = Release|x64
		{E4A58593-FF3B-4C69-A0A2-6E7FAEAA1A14}.Release|x64.Build.0 = Release|x64
		{E4A58593-FF3B-4C69-A0A2-6E7FAEAA1A14}.Release|x64.Deploy.0 = Release|x64
		{E4A58593-FF3B-4C69-A0A2-6E7FAEAA1A14}.Release|x86.ActiveCfg = Release|x86
		{E4A58593-FF3B-4C69-A0A2-6E7FAEAA1A14}.Release|x86.Build.0 = Release|x86
		{E4A58593-FF3B-4C69-A0A2-6E7FAEAA1A14}.Release|x86.Deploy.0 = Release|x86
		{DEE70B84-6ED3-4CC4-B0A7-2A5F4E918399}.Debug|Any CPU.ActiveCfg = Debug|Any CPU
		{DEE70B84-6ED3-4CC4-B0A7-2A5F4E918399}.Debug|Any CPU.Build.0 = Debug|Any CPU
		{DEE70B84-6ED3-4CC4-B0A7-2A5F4E918399}.Debug|Any CPU.Deploy.0 = Debug|Any CPU
		{DEE70B84-6ED3-4CC4-B0A7-2A5F4E918399}.Debug|ARM.ActiveCfg = Debug|Any CPU
		{DEE70B84-6ED3-4CC4-B0A7-2A5F4E918399}.Debug|ARM.Build.0 = Debug|Any CPU
		{DEE70B84-6ED3-4CC4-B0A7-2A5F4E918399}.Debug|ARM.Deploy.0 = Debug|Any CPU
		{DEE70B84-6ED3-4CC4-B0A7-2A5F4E918399}.Debug|iPhone.ActiveCfg = Debug|Any CPU
		{DEE70B84-6ED3-4CC4-B0A7-2A5F4E918399}.Debug|iPhone.Build.0 = Debug|Any CPU
		{DEE70B84-6ED3-4CC4-B0A7-2A5F4E918399}.Debug|iPhone.Deploy.0 = Debug|Any CPU
		{DEE70B84-6ED3-4CC4-B0A7-2A5F4E918399}.Debug|iPhoneSimulator.ActiveCfg = Debug|Any CPU
		{DEE70B84-6ED3-4CC4-B0A7-2A5F4E918399}.Debug|iPhoneSimulator.Build.0 = Debug|Any CPU
		{DEE70B84-6ED3-4CC4-B0A7-2A5F4E918399}.Debug|iPhoneSimulator.Deploy.0 = Debug|Any CPU
		{DEE70B84-6ED3-4CC4-B0A7-2A5F4E918399}.Debug|x64.ActiveCfg = Debug|Any CPU
		{DEE70B84-6ED3-4CC4-B0A7-2A5F4E918399}.Debug|x64.Build.0 = Debug|Any CPU
		{DEE70B84-6ED3-4CC4-B0A7-2A5F4E918399}.Debug|x64.Deploy.0 = Debug|Any CPU
		{DEE70B84-6ED3-4CC4-B0A7-2A5F4E918399}.Debug|x86.ActiveCfg = Debug|Any CPU
		{DEE70B84-6ED3-4CC4-B0A7-2A5F4E918399}.Debug|x86.Build.0 = Debug|Any CPU
		{DEE70B84-6ED3-4CC4-B0A7-2A5F4E918399}.Debug|x86.Deploy.0 = Debug|Any CPU
		{DEE70B84-6ED3-4CC4-B0A7-2A5F4E918399}.Release|Any CPU.ActiveCfg = Release|Any CPU
		{DEE70B84-6ED3-4CC4-B0A7-2A5F4E918399}.Release|Any CPU.Build.0 = Release|Any CPU
		{DEE70B84-6ED3-4CC4-B0A7-2A5F4E918399}.Release|Any CPU.Deploy.0 = Release|Any CPU
		{DEE70B84-6ED3-4CC4-B0A7-2A5F4E918399}.Release|ARM.ActiveCfg = Release|Any CPU
		{DEE70B84-6ED3-4CC4-B0A7-2A5F4E918399}.Release|ARM.Build.0 = Release|Any CPU
		{DEE70B84-6ED3-4CC4-B0A7-2A5F4E918399}.Release|ARM.Deploy.0 = Release|Any CPU
		{DEE70B84-6ED3-4CC4-B0A7-2A5F4E918399}.Release|iPhone.ActiveCfg = Release|Any CPU
		{DEE70B84-6ED3-4CC4-B0A7-2A5F4E918399}.Release|iPhone.Build.0 = Release|Any CPU
		{DEE70B84-6ED3-4CC4-B0A7-2A5F4E918399}.Release|iPhone.Deploy.0 = Release|Any CPU
		{DEE70B84-6ED3-4CC4-B0A7-2A5F4E918399}.Release|iPhoneSimulator.ActiveCfg = Release|Any CPU
		{DEE70B84-6ED3-4CC4-B0A7-2A5F4E918399}.Release|iPhoneSimulator.Build.0 = Release|Any CPU
		{DEE70B84-6ED3-4CC4-B0A7-2A5F4E918399}.Release|iPhoneSimulator.Deploy.0 = Release|Any CPU
		{DEE70B84-6ED3-4CC4-B0A7-2A5F4E918399}.Release|x64.ActiveCfg = Release|Any CPU
		{DEE70B84-6ED3-4CC4-B0A7-2A5F4E918399}.Release|x64.Build.0 = Release|Any CPU
		{DEE70B84-6ED3-4CC4-B0A7-2A5F4E918399}.Release|x64.Deploy.0 = Release|Any CPU
		{DEE70B84-6ED3-4CC4-B0A7-2A5F4E918399}.Release|x86.ActiveCfg = Release|Any CPU
		{DEE70B84-6ED3-4CC4-B0A7-2A5F4E918399}.Release|x86.Build.0 = Release|Any CPU
		{DEE70B84-6ED3-4CC4-B0A7-2A5F4E918399}.Release|x86.Deploy.0 = Release|Any CPU
		{43D0B624-E7BE-432D-9378-9B93BF8CB2A1}.Debug|Any CPU.ActiveCfg = Debug|iPhoneSimulator
		{43D0B624-E7BE-432D-9378-9B93BF8CB2A1}.Debug|Any CPU.Build.0 = Debug|iPhoneSimulator
		{43D0B624-E7BE-432D-9378-9B93BF8CB2A1}.Debug|Any CPU.Deploy.0 = Debug|iPhoneSimulator
		{43D0B624-E7BE-432D-9378-9B93BF8CB2A1}.Debug|ARM.ActiveCfg = Debug|iPhoneSimulator
		{43D0B624-E7BE-432D-9378-9B93BF8CB2A1}.Debug|ARM.Build.0 = Debug|iPhoneSimulator
		{43D0B624-E7BE-432D-9378-9B93BF8CB2A1}.Debug|ARM.Deploy.0 = Debug|iPhoneSimulator
		{43D0B624-E7BE-432D-9378-9B93BF8CB2A1}.Debug|iPhone.ActiveCfg = Debug|iPhone
		{43D0B624-E7BE-432D-9378-9B93BF8CB2A1}.Debug|iPhone.Build.0 = Debug|iPhone
		{43D0B624-E7BE-432D-9378-9B93BF8CB2A1}.Debug|iPhone.Deploy.0 = Debug|iPhone
		{43D0B624-E7BE-432D-9378-9B93BF8CB2A1}.Debug|iPhoneSimulator.ActiveCfg = Debug|iPhoneSimulator
		{43D0B624-E7BE-432D-9378-9B93BF8CB2A1}.Debug|iPhoneSimulator.Build.0 = Debug|iPhoneSimulator
		{43D0B624-E7BE-432D-9378-9B93BF8CB2A1}.Debug|iPhoneSimulator.Deploy.0 = Debug|iPhoneSimulator
		{43D0B624-E7BE-432D-9378-9B93BF8CB2A1}.Debug|x64.ActiveCfg = Debug|iPhone
		{43D0B624-E7BE-432D-9378-9B93BF8CB2A1}.Debug|x64.Build.0 = Debug|iPhone
		{43D0B624-E7BE-432D-9378-9B93BF8CB2A1}.Debug|x64.Deploy.0 = Debug|iPhone
		{43D0B624-E7BE-432D-9378-9B93BF8CB2A1}.Debug|x86.ActiveCfg = Debug|iPhoneSimulator
		{43D0B624-E7BE-432D-9378-9B93BF8CB2A1}.Debug|x86.Build.0 = Debug|iPhoneSimulator
		{43D0B624-E7BE-432D-9378-9B93BF8CB2A1}.Debug|x86.Deploy.0 = Debug|iPhoneSimulator
		{43D0B624-E7BE-432D-9378-9B93BF8CB2A1}.Release|Any CPU.ActiveCfg = Release|iPhoneSimulator
		{43D0B624-E7BE-432D-9378-9B93BF8CB2A1}.Release|Any CPU.Build.0 = Release|iPhoneSimulator
		{43D0B624-E7BE-432D-9378-9B93BF8CB2A1}.Release|Any CPU.Deploy.0 = Release|iPhoneSimulator
		{43D0B624-E7BE-432D-9378-9B93BF8CB2A1}.Release|ARM.ActiveCfg = Release|iPhoneSimulator
		{43D0B624-E7BE-432D-9378-9B93BF8CB2A1}.Release|ARM.Build.0 = Release|iPhoneSimulator
		{43D0B624-E7BE-432D-9378-9B93BF8CB2A1}.Release|ARM.Deploy.0 = Release|iPhoneSimulator
		{43D0B624-E7BE-432D-9378-9B93BF8CB2A1}.Release|iPhone.ActiveCfg = Release|iPhone
		{43D0B624-E7BE-432D-9378-9B93BF8CB2A1}.Release|iPhone.Build.0 = Release|iPhone
		{43D0B624-E7BE-432D-9378-9B93BF8CB2A1}.Release|iPhone.Deploy.0 = Release|iPhone
		{43D0B624-E7BE-432D-9378-9B93BF8CB2A1}.Release|iPhoneSimulator.ActiveCfg = Release|iPhoneSimulator
		{43D0B624-E7BE-432D-9378-9B93BF8CB2A1}.Release|iPhoneSimulator.Build.0 = Release|iPhoneSimulator
		{43D0B624-E7BE-432D-9378-9B93BF8CB2A1}.Release|iPhoneSimulator.Deploy.0 = Release|iPhoneSimulator
		{43D0B624-E7BE-432D-9378-9B93BF8CB2A1}.Release|x64.ActiveCfg = Release|iPhoneSimulator
		{43D0B624-E7BE-432D-9378-9B93BF8CB2A1}.Release|x64.Build.0 = Release|iPhoneSimulator
		{43D0B624-E7BE-432D-9378-9B93BF8CB2A1}.Release|x64.Deploy.0 = Release|iPhoneSimulator
		{43D0B624-E7BE-432D-9378-9B93BF8CB2A1}.Release|x86.ActiveCfg = Release|iPhoneSimulator
		{43D0B624-E7BE-432D-9378-9B93BF8CB2A1}.Release|x86.Build.0 = Release|iPhoneSimulator
		{43D0B624-E7BE-432D-9378-9B93BF8CB2A1}.Release|x86.Deploy.0 = Release|iPhoneSimulator
		{42240C20-03F4-4E64-B592-CB88550FC5CF}.Debug|Any CPU.ActiveCfg = Debug|Any CPU
		{42240C20-03F4-4E64-B592-CB88550FC5CF}.Debug|Any CPU.Build.0 = Debug|Any CPU
		{42240C20-03F4-4E64-B592-CB88550FC5CF}.Debug|Any CPU.Deploy.0 = Debug|Any CPU
		{42240C20-03F4-4E64-B592-CB88550FC5CF}.Debug|ARM.ActiveCfg = Debug|Any CPU
		{42240C20-03F4-4E64-B592-CB88550FC5CF}.Debug|ARM.Build.0 = Debug|Any CPU
		{42240C20-03F4-4E64-B592-CB88550FC5CF}.Debug|ARM.Deploy.0 = Debug|Any CPU
		{42240C20-03F4-4E64-B592-CB88550FC5CF}.Debug|iPhone.ActiveCfg = Debug|Any CPU
		{42240C20-03F4-4E64-B592-CB88550FC5CF}.Debug|iPhone.Build.0 = Debug|Any CPU
		{42240C20-03F4-4E64-B592-CB88550FC5CF}.Debug|iPhone.Deploy.0 = Debug|Any CPU
		{42240C20-03F4-4E64-B592-CB88550FC5CF}.Debug|iPhoneSimulator.ActiveCfg = Debug|Any CPU
		{42240C20-03F4-4E64-B592-CB88550FC5CF}.Debug|iPhoneSimulator.Build.0 = Debug|Any CPU
		{42240C20-03F4-4E64-B592-CB88550FC5CF}.Debug|iPhoneSimulator.Deploy.0 = Debug|Any CPU
		{42240C20-03F4-4E64-B592-CB88550FC5CF}.Debug|x64.ActiveCfg = Debug|Any CPU
		{42240C20-03F4-4E64-B592-CB88550FC5CF}.Debug|x64.Build.0 = Debug|Any CPU
		{42240C20-03F4-4E64-B592-CB88550FC5CF}.Debug|x64.Deploy.0 = Debug|Any CPU
		{42240C20-03F4-4E64-B592-CB88550FC5CF}.Debug|x86.ActiveCfg = Debug|Any CPU
		{42240C20-03F4-4E64-B592-CB88550FC5CF}.Debug|x86.Build.0 = Debug|Any CPU
		{42240C20-03F4-4E64-B592-CB88550FC5CF}.Debug|x86.Deploy.0 = Debug|Any CPU
		{42240C20-03F4-4E64-B592-CB88550FC5CF}.Release|Any CPU.ActiveCfg = Release|Any CPU
		{42240C20-03F4-4E64-B592-CB88550FC5CF}.Release|Any CPU.Build.0 = Release|Any CPU
		{42240C20-03F4-4E64-B592-CB88550FC5CF}.Release|Any CPU.Deploy.0 = Release|Any CPU
		{42240C20-03F4-4E64-B592-CB88550FC5CF}.Release|ARM.ActiveCfg = Release|Any CPU
		{42240C20-03F4-4E64-B592-CB88550FC5CF}.Release|ARM.Build.0 = Release|Any CPU
		{42240C20-03F4-4E64-B592-CB88550FC5CF}.Release|ARM.Deploy.0 = Release|Any CPU
		{42240C20-03F4-4E64-B592-CB88550FC5CF}.Release|iPhone.ActiveCfg = Release|Any CPU
		{42240C20-03F4-4E64-B592-CB88550FC5CF}.Release|iPhone.Build.0 = Release|Any CPU
		{42240C20-03F4-4E64-B592-CB88550FC5CF}.Release|iPhone.Deploy.0 = Release|Any CPU
		{42240C20-03F4-4E64-B592-CB88550FC5CF}.Release|iPhoneSimulator.ActiveCfg = Release|Any CPU
		{42240C20-03F4-4E64-B592-CB88550FC5CF}.Release|iPhoneSimulator.Build.0 = Release|Any CPU
		{42240C20-03F4-4E64-B592-CB88550FC5CF}.Release|iPhoneSimulator.Deploy.0 = Release|Any CPU
		{42240C20-03F4-4E64-B592-CB88550FC5CF}.Release|x64.ActiveCfg = Release|Any CPU
		{42240C20-03F4-4E64-B592-CB88550FC5CF}.Release|x64.Build.0 = Release|Any CPU
		{42240C20-03F4-4E64-B592-CB88550FC5CF}.Release|x64.Deploy.0 = Release|Any CPU
		{42240C20-03F4-4E64-B592-CB88550FC5CF}.Release|x86.ActiveCfg = Release|Any CPU
		{42240C20-03F4-4E64-B592-CB88550FC5CF}.Release|x86.Build.0 = Release|Any CPU
		{42240C20-03F4-4E64-B592-CB88550FC5CF}.Release|x86.Deploy.0 = Release|Any CPU
	EndGlobalSection
	GlobalSection(SolutionProperties) = preSolution
		HideSolutionNode = FALSE
	EndGlobalSection
	GlobalSection(ExtensibilityGlobals) = postSolution
		SolutionGuid = {333AFD2D-48FC-4F6C-823B-3C026B51F3AD}
	EndGlobalSection
EndGlobal
